# THIS IS AN AUTOGENERATED FILE. DO NOT EDIT THIS FILE DIRECTLY.
# yarn lockfile v1


"@pytorchlive/media@^0.0.1-alpha.3":
  version "0.0.1-alpha.3"
  resolved "https://registry.yarnpkg.com/@pytorchlive/media/-/media-0.0.1-alpha.3.tgz#3592434f495992f08a444c082bd12eb02b3b7a5c"
  integrity sha512-9AyNguoYQPA7/cCVemcUtSkxlq6d81PfiHt385uaZNfVUTwwy2RwoOfaZ/K04qJ1/JIM+ExTKDss1s6h+RNGyQ==

"@pytorchlive/torch@^0.0.1-alpha.3":
  version "0.0.1-alpha.3"
  resolved "https://registry.yarnpkg.com/@pytorchlive/torch/-/torch-0.0.1-alpha.3.tgz#39965f1acbd52a700ae788805c6f537eeecdec99"
  integrity sha512-GiedgVc855DYiiPjXiqnFHYviuwSHFNuAYtwc4Zt5DOW0qkEQQiuqbO/vyVjvPdaSXWnz/KRxJoLQU2VWGfZMw==

"@pytorchlive/vision@^0.0.1-alpha.6":
  version "0.0.1-alpha.6"
  resolved "https://registry.yarnpkg.com/@pytorchlive/vision/-/vision-0.0.1-alpha.6.tgz#b10e9f48c43cc75a7fd11bd4f64b545a9d041b11"
  integrity sha512-A6oNk/q9DP1SJeWrqYHDO81ASUDEb27Gnx3gUIqCAj8BYOvy5PbyD+4QiIqolBiJ+34wPi5d3zZYZxhp3+xyFg==

"@types/node@^17.0.18":
  version "17.0.18"
  resolved "https://registry.yarnpkg.com/@types/node/-/node-17.0.18.tgz#3b4fed5cfb58010e3a2be4b6e74615e4847f1074"
  integrity sha512-eKj4f/BsN/qcculZiRSujogjvp5O/k4lOW5m35NopjZM/QwLOR075a8pJW5hD+Rtdm2DaCVPENS6KtSQnUD6BA==

react-native-pytorch-core@^0.0.0-03022022-0110-fb998f8eb:
  version "0.0.0-03022022-0110-fb998f8eb"
  resolved "https://registry.yarnpkg.com/react-native-pytorch-core/-/react-native-pytorch-core-0.0.0-03022022-0110-fb998f8eb.tgz#b6f4ef7da424aafacd8095a5c227ba70ba45ab5f"
  integrity sha512-RErgLkEFHRDUpb61PaFgc14ehajEtb8gOfNh3hfVQ7MNwJLUvJwh6QYlyhTvK6GOPtEMRlHNjzRxuRQ9wtW9Jw==

typescript@^4.5.5:
  version "4.5.5"
  resolved "https://registry.yarnpkg.com/typescript/-/typescript-4.5.5.tgz#d8c953832d28924a9e3d37c73d729c846c5896f3"
  integrity sha512-TCTIul70LyWe6IJWT8QSYeA54WQe8EjQFU4wY52Fasj5UKx88LNYKCgBEHcOMOrFF1rKGbD8v/xcNWVUq9SymA==
